
Microsoft Visual Studio Solution File, Format Version 12.00
# Visual Studio Version 17
VisualStudioVersion = 17.10.35122.118
MinimumVisualStudioVersion = 10.0.40219.1
Project("{9A19103F-16F7-4668-BE54-9A1E7A4F7556}") = "BidManagement", "BidManagement\BidManagement.csproj", "{FF411056-F6ED-400C-B37A-0DE39FB4A376}"
EndProject
Project("{FAE04EC0-301F-11D3-BF4B-00C04F79EFBC}") = "BidManagementTests", "BidManagementTests\BidManagementTests.csproj", "{95EA0C51-AD25-4F15-9806-1AC19A491FA9}"
EndProject
Global
	GlobalSection(SolutionConfigurationPlatforms) = preSolution
		Debug|Any CPU = Debug|Any CPU
		Release|Any CPU = Release|Any CPU
	EndGlobalSection
	GlobalSection(ProjectConfigurationPlatforms) = postSolution
		{FF411056-F6ED-400C-B37A-0DE39FB4A376}.Debug|Any CPU.ActiveCfg = Debug|Any CPU
		{FF411056-F6ED-400C-B37A-0DE39FB4A376}.Debug|Any CPU.Build.0 = Debug|Any CPU
		{FF411056-F6ED-400C-B37A-0DE39FB4A376}.Release|Any CPU.ActiveCfg = Release|Any CPU
		{FF411056-F6ED-400C-B37A-0DE39FB4A376}.Release|Any CPU.Build.0 = Release|Any CPU
		{95EA0C51-AD25-4F15-9806-1AC19A491FA9}.Debug|Any CPU.ActiveCfg = Debug|Any CPU
		{95EA0C51-AD25-4F15-9806-1AC19A491FA9}.Debug|Any CPU.Build.0 = Debug|Any CPU
		{95EA0C51-AD25-4F15-9806-1AC19A491FA9}.Release|Any CPU.ActiveCfg = Release|Any CPU
		{95EA0C51-AD25-4F15-9806-1AC19A491FA9}.Release|Any CPU.Build.0 = Release|Any CPU
	EndGlobalSection
	GlobalSection(SolutionProperties) = preSolution
		HideSolutionNode = FALSE
	EndGlobalSection
	GlobalSection(ExtensibilityGlobals) = postSolution
		SolutionGuid = {42590943-1CFE-4ACF-8B08-EF8FB3D804BA}
	EndGlobalSection
EndGlobal
